
Microsoft Visual Studio Solution File, Format Version 12.00
# Visual Studio 15
Project("{FAE04EC0-301F-11D3-BF4B-00C04F79EFBC}") = "Assembly-CSharp", "Assembly-CSharp.csproj", "{752D764C-2062-1B7A-DCE1-7F6F57ED6BF4}"
EndProject
Project("{FAE04EC0-301F-11D3-BF4B-00C04F79EFBC}") = "Assembly-CSharp-firstpass", "Assembly-CSharp-firstpass.csproj", "{DC667C37-21A4-45F8-D24B-0745C3A54A36}"
EndProject
Project("{FAE04EC0-301F-11D3-BF4B-00C04F79EFBC}") = "Assembly-CSharp-Editor-firstpass", "Assembly-CSharp-Editor-firstpass.csproj", "{F28D0DDC-7112-F19E-99BB-9C4731BD8913}"
EndProject
Global
	GlobalSection(SolutionConfigurationPlatforms) = preSolution
		Debug|Any CPU = Debug|Any CPU
		Release|Any CPU = Release|Any CPU
	EndGlobalSection
	GlobalSection(ProjectConfigurationPlatforms) = postSolution
		{752D764C-2062-1B7A-DCE1-7F6F57ED6BF4}.Debug|Any CPU.ActiveCfg = Debug|Any CPU
		{752D764C-2062-1B7A-DCE1-7F6F57ED6BF4}.Debug|Any CPU.Build.0 = Debug|Any CPU
		{752D764C-2062-1B7A-DCE1-7F6F57ED6BF4}.Release|Any CPU.ActiveCfg = Release|Any CPU
		{752D764C-2062-1B7A-DCE1-7F6F57ED6BF4}.Release|Any CPU.Build.0 = Release|Any CPU
		{DC667C37-21A4-45F8-D24B-0745C3A54A36}.Debug|Any CPU.ActiveCfg = Debug|Any CPU
		{DC667C37-21A4-45F8-D24B-0745C3A54A36}.Debug|Any CPU.Build.0 = Debug|Any CPU
		{DC667C37-21A4-45F8-D24B-0745C3A54A36}.Release|Any CPU.ActiveCfg = Release|Any CPU
		{DC667C37-21A4-45F8-D24B-0745C3A54A36}.Release|Any CPU.Build.0 = Release|Any CPU
		{F28D0DDC-7112-F19E-99BB-9C4731BD8913}.Debug|Any CPU.ActiveCfg = Debug|Any CPU
		{F28D0DDC-7112-F19E-99BB-9C4731BD8913}.Debug|Any CPU.Build.0 = Debug|Any CPU
		{F28D0DDC-7112-F19E-99BB-9C4731BD8913}.Release|Any CPU.ActiveCfg = Release|Any CPU
		{F28D0DDC-7112-F19E-99BB-9C4731BD8913}.Release|Any CPU.Build.0 = Release|Any CPU
	EndGlobalSection
	GlobalSection(SolutionProperties) = preSolution
		HideSolutionNode = FALSE
	EndGlobalSection
EndGlobal
